
Microsoft Visual Studio Solution File, Format Version 12.00
# Visual Studio Version 17
VisualStudioVersion = 17.2.32616.157
MinimumVisualStudioVersion = 10.0.40219.1
Project("{FAE04EC0-301F-11D3-BF4B-00C04F79EFBC}") = "Penkov_Lab_1", "Penkov_Lab_1.csproj", "{5CE4E1DC-12D9-4D9D-8689-A366307F91A7}"
EndProject
Global
	GlobalSection(SolutionConfigurationPlatforms) = preSolution
		Debug|Any CPU = Debug|Any CPU
		Release|Any CPU = Release|Any CPU
	EndGlobalSection
	GlobalSection(ProjectConfigurationPlatforms) = postSolution
		{5CE4E1DC-12D9-4D9D-8689-A366307F91A7}.Debug|Any CPU.ActiveCfg = Debug|Any CPU
		{5CE4E1DC-12D9-4D9D-8689-A366307F91A7}.Debug|Any CPU.Build.0 = Debug|Any CPU
		{5CE4E1DC-12D9-4D9D-8689-A366307F91A7}.Release|Any CPU.ActiveCfg = Release|Any CPU
		{5CE4E1DC-12D9-4D9D-8689-A366307F91A7}.Release|Any CPU.Build.0 = Release|Any CPU
	EndGlobalSection
	GlobalSection(SolutionProperties) = preSolution
		HideSolutionNode = FALSE
	EndGlobalSection
	GlobalSection(ExtensibilityGlobals) = postSolution
		SolutionGuid = {414DAC6E-DEBE-44B3-B961-4E5DAA25F52A}
	EndGlobalSection
EndGlobal
